
Microsoft Visual Studio Solution File, Format Version 12.00
# Visual Studio Version 17
VisualStudioVersion = 17.7.34003.232
MinimumVisualStudioVersion = 10.0.40219.1
Project("{9A19103F-16F7-4668-BE54-9A1E7A4F7556}") = "AreaCalculator", "AreaCalculator.csproj", "{B874CD3A-828B-4C96-9709-39EAC7CE6921}"
EndProject
Global
	GlobalSection(SolutionConfigurationPlatforms) = preSolution
		Debug|Any CPU = Debug|Any CPU
		Release|Any CPU = Release|Any CPU
	EndGlobalSection
	GlobalSection(ProjectConfigurationPlatforms) = postSolution
		{B874CD3A-828B-4C96-9709-39EAC7CE6921}.Debug|Any CPU.ActiveCfg = Debug|Any CPU
		{B874CD3A-828B-4C96-9709-39EAC7CE6921}.Debug|Any CPU.Build.0 = Debug|Any CPU
		{B874CD3A-828B-4C96-9709-39EAC7CE6921}.Release|Any CPU.ActiveCfg = Release|Any CPU
		{B874CD3A-828B-4C96-9709-39EAC7CE6921}.Release|Any CPU.Build.0 = Release|Any CPU
	EndGlobalSection
	GlobalSection(SolutionProperties) = preSolution
		HideSolutionNode = FALSE
	EndGlobalSection
	GlobalSection(ExtensibilityGlobals) = postSolution
		SolutionGuid = {08B9C13A-DC93-4CEC-B654-05A4B5D8520F}
	EndGlobalSection
EndGlobal
